
Microsoft Visual Studio Solution File, Format Version 12.00
# Visual Studio 15
VisualStudioVersion = 15.0.28307.757
MinimumVisualStudioVersion = 10.0.40219.1
Project("{FAE04EC0-301F-11D3-BF4B-00C04F79EFBC}") = "ComputerHardware_T1", "ComputerHardware_T1\ComputerHardware_T1.csproj", "{DCCB09FD-C141-4AFB-92BC-8B3DA2E09CD0}"
EndProject
Global
	GlobalSection(SolutionConfigurationPlatforms) = preSolution
		Debug|Any CPU = Debug|Any CPU
		Release|Any CPU = Release|Any CPU
	EndGlobalSection
	GlobalSection(ProjectConfigurationPlatforms) = postSolution
		{DCCB09FD-C141-4AFB-92BC-8B3DA2E09CD0}.Debug|Any CPU.ActiveCfg = Debug|Any CPU
		{DCCB09FD-C141-4AFB-92BC-8B3DA2E09CD0}.Debug|Any CPU.Build.0 = Debug|Any CPU
		{DCCB09FD-C141-4AFB-92BC-8B3DA2E09CD0}.Release|Any CPU.ActiveCfg = Release|Any CPU
		{DCCB09FD-C141-4AFB-92BC-8B3DA2E09CD0}.Release|Any CPU.Build.0 = Release|Any CPU
	EndGlobalSection
	GlobalSection(SolutionProperties) = preSolution
		HideSolutionNode = FALSE
	EndGlobalSection
	GlobalSection(ExtensibilityGlobals) = postSolution
		SolutionGuid = {8F60525C-7B0F-4CA3-827C-C300A9CD829F}
	EndGlobalSection
EndGlobal
