
Microsoft Visual Studio Solution File, Format Version 12.00
# Visual Studio 15
VisualStudioVersion = 15.0.28307.168
MinimumVisualStudioVersion = 10.0.40219.1
Project("{FAE04EC0-301F-11D3-BF4B-00C04F79EFBC}") = "Trail_Grid_DataColor", "Trail_Grid_DataColor\Trail_Grid_DataColor.csproj", "{7449FF87-283C-46CB-86BA-0B83EAABF77F}"
EndProject
Global
	GlobalSection(SolutionConfigurationPlatforms) = preSolution
		Debug|Any CPU = Debug|Any CPU
		Release|Any CPU = Release|Any CPU
	EndGlobalSection
	GlobalSection(ProjectConfigurationPlatforms) = postSolution
		{7449FF87-283C-46CB-86BA-0B83EAABF77F}.Debug|Any CPU.ActiveCfg = Debug|Any CPU
		{7449FF87-283C-46CB-86BA-0B83EAABF77F}.Debug|Any CPU.Build.0 = Debug|Any CPU
		{7449FF87-283C-46CB-86BA-0B83EAABF77F}.Release|Any CPU.ActiveCfg = Release|Any CPU
		{7449FF87-283C-46CB-86BA-0B83EAABF77F}.Release|Any CPU.Build.0 = Release|Any CPU
	EndGlobalSection
	GlobalSection(SolutionProperties) = preSolution
		HideSolutionNode = FALSE
	EndGlobalSection
	GlobalSection(ExtensibilityGlobals) = postSolution
		SolutionGuid = {8314623B-1839-4CFD-9A64-C7D63C629986}
	EndGlobalSection
EndGlobal
