
Microsoft Visual Studio Solution File, Format Version 12.00
# Visual Studio 15
VisualStudioVersion = 15.0.28307.168
MinimumVisualStudioVersion = 10.0.40219.1
Project("{FAE04EC0-301F-11D3-BF4B-00C04F79EFBC}") = "GettingStarted_01", "GettingStarted_01\GettingStarted_01.csproj", "{D3C3C63C-FDE3-413E-BCD5-EEEDFC09EE55}"
EndProject
Global
	GlobalSection(SolutionConfigurationPlatforms) = preSolution
		Debug|Any CPU = Debug|Any CPU
		Release|Any CPU = Release|Any CPU
	EndGlobalSection
	GlobalSection(ProjectConfigurationPlatforms) = postSolution
		{D3C3C63C-FDE3-413E-BCD5-EEEDFC09EE55}.Debug|Any CPU.ActiveCfg = Debug|Any CPU
		{D3C3C63C-FDE3-413E-BCD5-EEEDFC09EE55}.Debug|Any CPU.Build.0 = Debug|Any CPU
		{D3C3C63C-FDE3-413E-BCD5-EEEDFC09EE55}.Release|Any CPU.ActiveCfg = Release|Any CPU
		{D3C3C63C-FDE3-413E-BCD5-EEEDFC09EE55}.Release|Any CPU.Build.0 = Release|Any CPU
	EndGlobalSection
	GlobalSection(SolutionProperties) = preSolution
		HideSolutionNode = FALSE
	EndGlobalSection
	GlobalSection(ExtensibilityGlobals) = postSolution
		SolutionGuid = {7E3D5B6F-365B-4EFD-83FA-7F147A89786D}
	EndGlobalSection
EndGlobal
